
Microsoft Visual Studio Solution File, Format Version 12.00
# Visual Studio Version 17
VisualStudioVersion = 17.2.32526.322
MinimumVisualStudioVersion = 10.0.40219.1
Project("{9A19103F-16F7-4668-BE54-9A1E7A4F7556}") = "XUnitTest.APP", "XUnitTest.APP\XUnitTest.APP.csproj", "{4546DDD3-AD4A-4F30-98B9-05DC5EA065C3}"
EndProject
Project("{9A19103F-16F7-4668-BE54-9A1E7A4F7556}") = "UdemyUnitTest.Test", "UdemyUnitTest.Test\UdemyUnitTest.Test.csproj", "{236842E4-0746-4A2D-B33D-09CE0380E280}"
EndProject
Project("{9A19103F-16F7-4668-BE54-9A1E7A4F7556}") = "UdemyRealWorldUnitTest", "UdemyRealWorldUnitTest\UdemyRealWorldUnitTest.csproj", "{9E4F6A1D-ED00-4CBE-BE4E-C63CBE8FBBA8}"
EndProject
Project("{9A19103F-16F7-4668-BE54-9A1E7A4F7556}") = "UnitTestMVC", "UnitTestMVC\UnitTestMVC.csproj", "{3A002945-D541-4D3E-B8DB-394DA400B495}"
EndProject
Project("{FAE04EC0-301F-11D3-BF4B-00C04F79EFBC}") = "UnitTestMVC.Test", "UnitTestMVC.Test\UnitTestMVC.Test.csproj", "{CE79792D-3720-467B-B172-3C0E73D9FF45}"
EndProject
Global
	GlobalSection(SolutionConfigurationPlatforms) = preSolution
		Debug|Any CPU = Debug|Any CPU
		Release|Any CPU = Release|Any CPU
	EndGlobalSection
	GlobalSection(ProjectConfigurationPlatforms) = postSolution
		{4546DDD3-AD4A-4F30-98B9-05DC5EA065C3}.Debug|Any CPU.ActiveCfg = Debug|Any CPU
		{4546DDD3-AD4A-4F30-98B9-05DC5EA065C3}.Debug|Any CPU.Build.0 = Debug|Any CPU
		{4546DDD3-AD4A-4F30-98B9-05DC5EA065C3}.Release|Any CPU.ActiveCfg = Release|Any CPU
		{4546DDD3-AD4A-4F30-98B9-05DC5EA065C3}.Release|Any CPU.Build.0 = Release|Any CPU
		{236842E4-0746-4A2D-B33D-09CE0380E280}.Debug|Any CPU.ActiveCfg = Debug|Any CPU
		{236842E4-0746-4A2D-B33D-09CE0380E280}.Debug|Any CPU.Build.0 = Debug|Any CPU
		{236842E4-0746-4A2D-B33D-09CE0380E280}.Release|Any CPU.ActiveCfg = Release|Any CPU
		{236842E4-0746-4A2D-B33D-09CE0380E280}.Release|Any CPU.Build.0 = Release|Any CPU
		{9E4F6A1D-ED00-4CBE-BE4E-C63CBE8FBBA8}.Debug|Any CPU.ActiveCfg = Debug|Any CPU
		{9E4F6A1D-ED00-4CBE-BE4E-C63CBE8FBBA8}.Debug|Any CPU.Build.0 = Debug|Any CPU
		{9E4F6A1D-ED00-4CBE-BE4E-C63CBE8FBBA8}.Release|Any CPU.ActiveCfg = Release|Any CPU
		{9E4F6A1D-ED00-4CBE-BE4E-C63CBE8FBBA8}.Release|Any CPU.Build.0 = Release|Any CPU
		{3A002945-D541-4D3E-B8DB-394DA400B495}.Debug|Any CPU.ActiveCfg = Debug|Any CPU
		{3A002945-D541-4D3E-B8DB-394DA400B495}.Debug|Any CPU.Build.0 = Debug|Any CPU
		{3A002945-D541-4D3E-B8DB-394DA400B495}.Release|Any CPU.ActiveCfg = Release|Any CPU
		{3A002945-D541-4D3E-B8DB-394DA400B495}.Release|Any CPU.Build.0 = Release|Any CPU
		{CE79792D-3720-467B-B172-3C0E73D9FF45}.Debug|Any CPU.ActiveCfg = Debug|Any CPU
		{CE79792D-3720-467B-B172-3C0E73D9FF45}.Debug|Any CPU.Build.0 = Debug|Any CPU
		{CE79792D-3720-467B-B172-3C0E73D9FF45}.Release|Any CPU.ActiveCfg = Release|Any CPU
		{CE79792D-3720-467B-B172-3C0E73D9FF45}.Release|Any CPU.Build.0 = Release|Any CPU
	EndGlobalSection
	GlobalSection(SolutionProperties) = preSolution
		HideSolutionNode = FALSE
	EndGlobalSection
	GlobalSection(ExtensibilityGlobals) = postSolution
		SolutionGuid = {F5295C37-989C-4554-B47D-16835A0B3BC1}
	EndGlobalSection
EndGlobal
